// !$*UTF8*$!
{
	archiveVersion = 1;
	classes = {
	};
	objectVersion = 50;
	objects = {

/* Begin PBXBuildFile section */
		FAC77CD0260DFA0900CF2809 /* AppDelegate.swift in Sources */ = {isa = PBXBuildFile; fileRef = FAC77CCF260DFA0900CF2809 /* AppDelegate.swift */; };
		FAC77CD2260DFA0900CF2809 /* SceneDelegate.swift in Sources */ = {isa = PBXBuildFile; fileRef = FAC77CD1260DFA0900CF2809 /* SceneDelegate.swift */; };
		FAC77CD4260DFA0900CF2809 /* ViewController.swift in Sources */ = {isa = PBXBuildFile; fileRef = FAC77CD3260DFA0900CF2809 /* ViewController.swift */; };
		FAC77CD7260DFA0900CF2809 /* Main.storyboard in Resources */ = {isa = PBXBuildFile; fileRef = FAC77CD5260DFA0900CF2809 /* Main.storyboard */; };
		FAC77CD9260DFA0C00CF2809 /* Assets.xcassets in Resources */ = {isa = PBXBuildFile; fileRef = FAC77CD8260DFA0C00CF2809 /* Assets.xcassets */; };
		FAC77CDC260DFA0C00CF2809 /* LaunchScreen.storyboard in Resources */ = {isa = PBXBuildFile; fileRef = FAC77CDA260DFA0C00CF2809 /* LaunchScreen.storyboard */; };
/* End PBXBuildFile section */

/* Begin PBXFileReference section */
		FAC77CCC260DFA0900CF2809 /* ColorPaletteApp.app */ = {isa = PBXFileReference; explicitFileType = wrapper.application; includeInIndex = 0; path = ColorPaletteApp.app; sourceTree = BUILT_PRODUCTS_DIR; };
		FAC77CCF260DFA0900CF2809 /* AppDelegate.swift */ = {isa = PBXFileReference; lastKnownFileType = sourcecode.swift; path = AppDelegate.swift; sourceTree = "<group>"; };
		FAC77CD1260DFA0900CF2809 /* SceneDelegate.swift */ = {isa = PBXFileReference; lastKnownFileType = sourcecode.swift; path = SceneDelegate.swift; sourceTree = "<group>"; };
		FAC77CD3260DFA0900CF2809 /* ViewController.swift */ = {isa = PBXFileReference; lastKnownFileType = sourcecode.swift; path = ViewController.swift; sourceTree = "<group>"; };
		FAC77CD6260DFA0900CF2809 /* Base */ = {isa = PBXFileReference; lastKnownFileType = file.storyboard; name = Base; path = Base.lproj/Main.storyboard; sourceTree = "<group>"; };
		FAC77CD8260DFA0C00CF2809 /* Assets.xcassets */ = {isa = PBXFileReference; lastKnownFileType = folder.assetcatalog; path = Assets.xcassets; sourceTree = "<group>"; };
		FAC77CDB260DFA0C00CF2809 /* Base */ = {isa = PBXFileReference; lastKnownFileType = file.storyboard; name = Base; path = Base.lproj/LaunchScreen.storyboard; sourceTree = "<group>"; };
		FAC77CDD260DFA0C00CF2809 /* Info.plist */ = {isa = PBXFileReference; lastKnownFileType = text.plist.xml; path = Info.plist; sourceTree = "<group>"; };
/* End PBXFileReference section */

/* Begin PBXFrameworksBuildPhase section */
		FAC77CC9260DFA0900CF2809 /* Frameworks */ = {
			isa = PBXFrameworksBuildPhase;
			buildActionMask = 2147483647;
			files = (
			);
			runOnlyForDeploymentPostprocessing = 0;
		};
/* End PBXFrameworksBuildPhase section */

/* Begin PBXGroup section */
		FAC77CC3260DFA0900CF2809 = {
			isa = PBXGroup;
			children = (
				FAC77CCE260DFA0900CF2809 /* ColorPaletteApp */,
				FAC77CCD260DFA0900CF2809 /* Products */,
			);
			sourceTree = "<group>";
		};
		FAC77CCD260DFA0900CF2809 /* Products */ = {
			isa = PBXGroup;
			children = (
				FAC77CCC260DFA0900CF2809 /* ColorPaletteApp.app */,
			);
			name = Products;
			sourceTree = "<group>";
		};
		FAC77CCE260DFA0900CF2809 /* ColorPaletteApp */ = {
			isa = PBXGroup;
			children = (
				FAC77CCF260DFA0900CF2809 /* AppDelegate.swift */,
				FAC77CD1260DFA0900CF2809 /* SceneDelegate.swift */,
				FAC77CD3260DFA0900CF2809 /* ViewController.swift */,
				FAC77CD5260DFA0900CF2809 /* Main.storyboard */,
				FAC77CD8260DFA0C00CF2809 /* Assets.xcassets */,
				FAC77CDA260DFA0C00CF2809 /* LaunchScreen.storyboard */,
				FAC77CDD260DFA0C00CF2809 /* Info.plist */,
			);
			path = ColorPaletteApp;
			sourceTree = "<group>";
		};
/* End PBXGroup section */

/* Begin PBXNativeTarget section */
		FAC77CCB260DFA0900CF2809 /* ColorPaletteApp */ = {
			isa = PBXNativeTarget;
			buildConfigurationList = FAC77CE0260DFA0C00CF2809 /* Build configuration list for PBXNativeTarget "ColorPaletteApp" */;
			buildPhases = (
				FAC77CC8260DFA0900CF2809 /* Sources */,
				FAC77CC9260DFA0900CF2809 /* Frameworks */,
				FAC77CCA260DFA0900CF2809 /* Resources */,
			);
			buildRules = (
			);
			dependencies = (
			);
			name = ColorPaletteApp;
			productName = ColorPaletteApp;
			productReference = FAC77CCC260DFA0900CF2809 /* ColorPaletteApp.app */;
			productType = "com.apple.product-type.application";
		};
/* End PBXNativeTarget section */

/* Begin PBXProject section */
		FAC77CC4260DFA0900CF2809 /* Project object */ = {
			isa = PBXProject;
			attributes = {
				LastSwiftUpdateCheck = 1240;
				LastUpgradeCheck = 1240;
				TargetAttributes = {
					FAC77CCB260DFA0900CF2809 = {
						CreatedOnToolsVersion = 12.4;
					};
				};
			};
			buildConfigurationList = FAC77CC7260DFA0900CF2809 /* Build configuration list for PBXProject "ColorPaletteApp" */;
			compatibilityVersion = "Xcode 9.3";
			developmentRegion = en;
			hasScannedForEncodings = 0;
			knownRegions = (
				en,
				Base,
			);
			mainGroup = FAC77CC3260DFA0900CF2809;
			productRefGroup = FAC77CCD260DFA0900CF2809 /* Products */;
			projectDirPath = "";
			projectRoot = "";
			targets = (
				FAC77CCB260DFA0900CF2809 /* ColorPaletteApp */,
			);
		};
/* End PBXProject section */

/* Begin PBXResourcesBuildPhase section */
		FAC77CCA260DFA0900CF2809 /* Resources */ = {
			isa = PBXResourcesBuildPhase;
			buildActionMask = 2147483647;
			files = (
				FAC77CDC260DFA0C00CF2809 /* LaunchScreen.storyboard in Resources */,
				FAC77CD9260DFA0C00CF2809 /* Assets.xcassets in Resources */,
				FAC77CD7260DFA0900CF2809 /* Main.storyboard in Resources */,
			);
			runOnlyForDeploymentPostprocessing = 0;
		};
/* End PBXResourcesBuildPhase section */

/* Begin PBXSourcesBuildPhase section */
		FAC77CC8260DFA0900CF2809 /* Sources */ = {
			isa = PBXSourcesBuildPhase;
			buildActionMask = 2147483647;
			files = (
				FAC77CD4260DFA0900CF2809 /* ViewController.swift in Sources */,
				FAC77CD0260DFA0900CF2809 /* AppDelegate.swift in Sources */,
				FAC77CD2260DFA0900CF2809 /* SceneDelegate.swift in Sources */,
			);
			runOnlyForDeploymentPostprocessing = 0;
		};
/* End PBXSourcesBuildPhase section */

/* Begin PBXVariantGroup section */
		FAC77CD5260DFA0900CF2809 /* Main.storyboard */ = {
			isa = PBXVariantGroup;
			children = (
				FAC77CD6260DFA0900CF2809 /* Base */,
			);
			name = Main.storyboard;
			sourceTree = "<group>";
		};
		FAC77CDA260DFA0C00CF2809 /* LaunchScreen.storyboard */ = {
			isa = PBXVariantGroup;
			children = (
				FAC77CDB260DFA0C00CF2809 /* Base */,
			);
			name = LaunchScreen.storyboard;
			sourceTree = "<group>";
		};
/* End PBXVariantGroup section */

/* Begin XCBuildConfiguration section */
		FAC77CDE260DFA0C00CF2809 /* Debug */ = {
			isa = XCBuildConfiguration;
			buildSettings = {
				ALWAYS_SEARCH_USER_PATHS = NO;
				CLANG_ANALYZER_NONNULL = YES;
				CLANG_ANALYZER_NUMBER_OBJECT_CONVERSION = YES_AGGRESSIVE;
				CLANG_CXX_LANGUAGE_STANDARD = "gnu++14";
				CLANG_CXX_LIBRARY = "libc++";
				CLANG_ENABLE_MODULES = YES;
				CLANG_ENABLE_OBJC_ARC = YES;
				CLANG_ENABLE_OBJC_WEAK = YES;
				CLANG_WARN_BLOCK_CAPTURE_AUTORELEASING = YES;
				CLANG_WARN_BOOL_CONVERSION = YES;
				CLANG_WARN_COMMA = YES;
				CLANG_WARN_CONSTANT_CONVERSION = YES;
				CLANG_WARN_DEPRECATED_OBJC_IMPLEMENTATIONS = YES;
				CLANG_WARN_DIRECT_OBJC_ISA_USAGE = YES_ERROR;
				CLANG_WARN_DOCUMENTATION_COMMENTS = YES;
				CLANG_WARN_EMPTY_BODY = YES;
				CLANG_WARN_ENUM_CONVERSION = YES;
				CLANG_WARN_INFINITE_RECURSION = YES;
				CLANG_WARN_INT_CONVERSION = YES;
				CLANG_WARN_NON_LITERAL_NULL_CONVERSION = YES;
				CLANG_WARN_OBJC_IMPLICIT_RETAIN_SELF = YES;
				CLANG_WARN_OBJC_LITERAL_CONVERSION = YES;
				CLANG_WARN_OBJC_ROOT_CLASS = YES_ERROR;
				CLANG_WARN_QUOTED_INCLUDE_IN_FRAMEWORK_HEADER = YES;
				CLANG_WARN_RANGE_LOOP_ANALYSIS = YES;
				CLANG_WARN_STRICT_PROTOTYPES = YES;
				CLANG_WARN_SUSPICIOUS_MOVE = YES;
				CLANG_WARN_UNGUARDED_AVAILABILITY = YES_AGGRESSIVE;
				CLANG_WARN_UNREACHABLE_CODE = YES;
				CLANG_WARN__DUPLICATE_METHOD_MATCH = YES;
				COPY_PHASE_STRIP = NO;
				DEBUG_INFORMATION_FORMAT = dwarf;
				ENABLE_STRICT_OBJC_MSGSEND = YES;
				ENABLE_TESTABILITY = YES;
				GCC_C_LANGUAGE_STANDARD = gnu11;
				GCC_DYNAMIC_NO_PIC = NO;
				GCC_NO_COMMON_BLOCKS = YES;
				GCC_OPTIMIZATION_LEVEL = 0;
				GCC_PREPROCESSOR_DEFINITIONS = (
					"DEBUG=1",
					"$(inherited)",
				);
				GCC_WARN_64_TO_32_BIT_CONVERSION = YES;
				GCC_WARN_ABOUT_RETURN_TYPE = YES_ERROR;
				GCC_WARN_UNDECLARED_SELECTOR = YES;
				GCC_WARN_UNINITIALIZED_AUTOS = YES_AGGRESSIVE;
				GCC_WARN_UNUSED_FUNCTION = YES;
				GCC_WARN_UNUSED_VARIABLE = YES;
				IPHONEOS_DEPLOYMENT_TARGET = 14.4;
				MTL_ENABLE_DEBUG_INFO = INCLUDE_SOURCE;
				MTL_FAST_MATH = YES;
				ONLY_ACTIVE_ARCH = YES;
				SDKROOT = iphoneos;
				SWIFT_ACTIVE_COMPILATION_CONDITIONS = DEBUG;
				SWIFT_OPTIMIZATION_LEVEL = "-Onone";
			};
			name = Debug;
		};
		FAC77CDF260DFA0C00CF2809 /* Release */ = {
			isa = XCBuildConfiguration;
			buildSettings = {
				ALWAYS_SEARCH_USER_PATHS = NO;
				CLANG_ANALYZER_NONNULL = YES;
				CLANG_ANALYZER_NUMBER_OBJECT_CONVERSION = YES_AGGRESSIVE;
				CLANG_CXX_LANGUAGE_STANDARD = "gnu++14";
				CLANG_CXX_LIBRARY = "libc++";
				CLANG_ENABLE_MODULES = YES;
				CLANG_ENABLE_OBJC_ARC = YES;
				CLANG_ENABLE_OBJC_WEAK = YES;
				CLANG_WARN_BLOCK_CAPTURE_AUTORELEASING = YES;
				CLANG_WARN_BOOL_CONVERSION = YES;
				CLANG_WARN_COMMA = YES;
				CLANG_WARN_CONSTANT_CONVERSION = YES;
				CLANG_WARN_DEPRECATED_OBJC_IMPLEMENTATIONS = YES;
				CLANG_WARN_DIRECT_OBJC_ISA_USAGE = YES_ERROR;
				CLANG_WARN_DOCUMENTATION_COMMENTS = YES;
				CLANG_WARN_EMPTY_BODY = YES;
				CLANG_WARN_ENUM_CONVERSION = YES;
				CLANG_WARN_INFINITE_RECURSION = YES;
				CLANG_WARN_INT_CONVERSION = YES;
				CLANG_WARN_NON_LITERAL_NULL_CONVERSION = YES;
				CLANG_WARN_OBJC_IMPLICIT_RETAIN_SELF = YES;
				CLANG_WARN_OBJC_LITERAL_CONVERSION = YES;
				CLANG_WARN_OBJC_ROOT_CLASS = YES_ERROR;
				CLANG_WARN_QUOTED_INCLUDE_IN_FRAMEWORK_HEADER = YES;
				CLANG_WARN_RANGE_LOOP_ANALYSIS = YES;
				CLANG_WARN_STRICT_PROTOTYPES = YES;
				CLANG_WARN_SUSPICIOUS_MOVE = YES;
				CLANG_WARN_UNGUARDED_AVAILABILITY = YES_AGGRESSIVE;
				CLANG_WARN_UNREACHABLE_CODE = YES;
				CLANG_WARN__DUPLICATE_METHOD_MATCH = YES;
				COPY_PHASE_STRIP = NO;
				DEBUG_INFORMATION_FORMAT = "dwarf-with-dsym";
				ENABLE_NS_ASSERTIONS = NO;
				ENABLE_STRICT_OBJC_MSGSEND = YES;
				GCC_C_LANGUAGE_STANDARD = gnu11;
				GCC_NO_COMMON_BLOCKS = YES;
				GCC_WARN_64_TO_32_BIT_CONVERSION = YES;
				GCC_WARN_ABOUT_RETURN_TYPE = YES_ERROR;
				GCC_WARN_UNDECLARED_SELECTOR = YES;
				GCC_WARN_UNINITIALIZED_AUTOS = YES_AGGRESSIVE;
				GCC_WARN_UNUSED_FUNCTION = YES;
				GCC_WARN_UNUSED_VARIABLE = YES;
				IPHONEOS_DEPLOYMENT_TARGET = 14.4;
				MTL_ENABLE_DEBUG_INFO = NO;
				MTL_FAST_MATH = YES;
				SDKROOT = iphoneos;
				SWIFT_COMPILATION_MODE = wholemodule;
				SWIFT_OPTIMIZATION_LEVEL = "-O";
				VALIDATE_PRODUCT = YES;
			};
			name = Release;
		};
		FAC77CE1260DFA0C00CF2809 /* Debug */ = {
			isa = XCBuildConfiguration;
			buildSettings = {
				ASSETCATALOG_COMPILER_APPICON_NAME = AppIcon;
				ASSETCATALOG_COMPILER_GLOBAL_ACCENT_COLOR_NAME = AccentColor;
				CODE_SIGN_STYLE = Automatic;
				DEVELOPMENT_TEAM = VB8RWPBP87;
				INFOPLIST_FILE = ColorPaletteApp/Info.plist;
				LD_RUNPATH_SEARCH_PATHS = (
					"$(inherited)",
					"@executable_path/Frameworks",
				);
				PRODUCT_BUNDLE_IDENTIFIER = com.WolfStudio.ColorPaletteApp;
				PRODUCT_NAME = "$(TARGET_NAME)";
				SWIFT_VERSION = 5.0;
				TARGETED_DEVICE_FAMILY = 1;
			};
			name = Debug;
		};
		FAC77CE2260DFA0C00CF2809 /* Release */ = {
			isa = XCBuildConfiguration;
			buildSettings = {
				ASSETCATALOG_COMPILER_APPICON_NAME = AppIcon;
				ASSETCATALOG_COMPILER_GLOBAL_ACCENT_COLOR_NAME = AccentColor;
				CODE_SIGN_STYLE = Automatic;
				DEVELOPMENT_TEAM = VB8RWPBP87;
				INFOPLIST_FILE = ColorPaletteApp/Info.plist;
				LD_RUNPATH_SEARCH_PATHS = (
					"$(inherited)",
					"@executable_path/Frameworks",
				);
				PRODUCT_BUNDLE_IDENTIFIER = com.WolfStudio.ColorPaletteApp;
				PRODUCT_NAME = "$(TARGET_NAME)";
				SWIFT_VERSION = 5.0;
				TARGETED_DEVICE_FAMILY = 1;
			};
			name = Release;
		};
/* End XCBuildConfiguration section */

/* Begin XCConfigurationList section */
		FAC77CC7260DFA0900CF2809 /* Build configuration list for PBXProject "ColorPaletteApp" */ = {
			isa = XCConfigurationList;
			buildConfigurations = (
				FAC77CDE260DFA0C00CF2809 /* Debug */,
				FAC77CDF260DFA0C00CF2809 /* Release */,
			);
			defaultConfigurationIsVisible = 0;
			defaultConfigurationName = Release;
		};
		FAC77CE0260DFA0C00CF2809 /* Build configuration list for PBXNativeTarget "ColorPaletteApp" */ = {
			isa = XCConfigurationList;
			buildConfigurations = (
				FAC77CE1260DFA0C00CF2809 /* Debug */,
				FAC77CE2260DFA0C00CF2809 /* Release */,
			);
			defaultConfigurationIsVisible = 0;
			defaultConfigurationName = Release;
		};
/* End XCConfigurationList section */
	};
	rootObject = FAC77CC4260DFA0900CF2809 /* Project object */;
}
